# THIS IS AN AUTOGENERATED FILE. DO NOT EDIT THIS FILE DIRECTLY.
# yarn lockfile v1


"@popperjs/core@^2.9.3":
  version "2.9.3"
  resolved "https://registry.yarnpkg.com/@popperjs/core/-/core-2.9.3.tgz#8b68da1ebd7fc603999cf6ebee34a4899a14b88e"
  integrity sha512-xDu17cEfh7Kid/d95kB6tZsLOmSWKCZKtprnhVepjsSaCij+lM3mItSJDuuHDMbCWTh8Ejmebwb+KONcCJ0eXQ==
